
Microsoft Visual Studio Solution File, Format Version 12.00
# Visual Studio Version 16
VisualStudioVersion = 16.0.31702.278
MinimumVisualStudioVersion = 10.0.40219.1
Project("{FAE04EC0-301F-11D3-BF4B-00C04F79EFBC}") = "PatientDoctorManagementApp", "PatientDoctorManagementApp\PatientDoctorManagementApp.csproj", "{5F053F7A-EDC5-4223-88E9-9CDFB166F24D}"
EndProject
Project("{FAE04EC0-301F-11D3-BF4B-00C04F79EFBC}") = "DataAbstractionLayer", "DataAbstractionLayer\DataAbstractionLayer.csproj", "{6073CC06-6AAC-49E7-9D1F-04EBE0FB311A}"
EndProject
Project("{FAE04EC0-301F-11D3-BF4B-00C04F79EFBC}") = "BusinessLogicLayer", "BusinessLogicLayer\BusinessLogicLayer.csproj", "{70801A89-6823-4331-A176-B6B9668E55F3}"
EndProject
Global
	GlobalSection(SolutionConfigurationPlatforms) = preSolution
		Debug|Any CPU = Debug|Any CPU
		Release|Any CPU = Release|Any CPU
	EndGlobalSection
	GlobalSection(ProjectConfigurationPlatforms) = postSolution
		{5F053F7A-EDC5-4223-88E9-9CDFB166F24D}.Debug|Any CPU.ActiveCfg = Debug|Any CPU
		{5F053F7A-EDC5-4223-88E9-9CDFB166F24D}.Debug|Any CPU.Build.0 = Debug|Any CPU
		{5F053F7A-EDC5-4223-88E9-9CDFB166F24D}.Release|Any CPU.ActiveCfg = Release|Any CPU
		{5F053F7A-EDC5-4223-88E9-9CDFB166F24D}.Release|Any CPU.Build.0 = Release|Any CPU
		{6073CC06-6AAC-49E7-9D1F-04EBE0FB311A}.Debug|Any CPU.ActiveCfg = Debug|Any CPU
		{6073CC06-6AAC-49E7-9D1F-04EBE0FB311A}.Debug|Any CPU.Build.0 = Debug|Any CPU
		{6073CC06-6AAC-49E7-9D1F-04EBE0FB311A}.Release|Any CPU.ActiveCfg = Release|Any CPU
		{6073CC06-6AAC-49E7-9D1F-04EBE0FB311A}.Release|Any CPU.Build.0 = Release|Any CPU
		{70801A89-6823-4331-A176-B6B9668E55F3}.Debug|Any CPU.ActiveCfg = Debug|Any CPU
		{70801A89-6823-4331-A176-B6B9668E55F3}.Debug|Any CPU.Build.0 = Debug|Any CPU
		{70801A89-6823-4331-A176-B6B9668E55F3}.Release|Any CPU.ActiveCfg = Release|Any CPU
		{70801A89-6823-4331-A176-B6B9668E55F3}.Release|Any CPU.Build.0 = Release|Any CPU
	EndGlobalSection
	GlobalSection(SolutionProperties) = preSolution
		HideSolutionNode = FALSE
	EndGlobalSection
	GlobalSection(ExtensibilityGlobals) = postSolution
		SolutionGuid = {A52EEA15-D032-4148-90F5-9C8CFA561C1C}
	EndGlobalSection
EndGlobal
